// !$*UTF8*$!
{
	archiveVersion = 1;
	classes = {
	};
	objectVersion = 56;
	objects = {

/* Begin PBXBuildFile section */
		22D990A42966EFCF0050913A /* PapagoNetworkManager.swift in Sources */ = {isa = PBXBuildFile; fileRef = 22D990A32966EFCF0050913A /* PapagoNetworkManager.swift */; };
		22D990A62966F20A0050913A /* APIInfo.plist in Resources */ = {isa = PBXBuildFile; fileRef = 22D990A52966F20A0050913A /* APIInfo.plist */; };
		22D990AB2966F2EA0050913A /* BundleExtension.swift in Sources */ = {isa = PBXBuildFile; fileRef = 22D990AA2966F2EA0050913A /* BundleExtension.swift */; };
		22D990AD2966F6470050913A /* Message.swift in Sources */ = {isa = PBXBuildFile; fileRef = 22D990AC2966F6470050913A /* Message.swift */; };
		22D990B229671E070050913A /* QuizView.swift in Sources */ = {isa = PBXBuildFile; fileRef = 22D990AE29671E070050913A /* QuizView.swift */; };
		22D990B329671E070050913A /* Detail.swift in Sources */ = {isa = PBXBuildFile; fileRef = 22D990AF29671E070050913A /* Detail.swift */; };
		22D990B429671E070050913A /* CardView.swift in Sources */ = {isa = PBXBuildFile; fileRef = 22D990B029671E070050913A /* CardView.swift */; };
		22D990B529671E070050913A /* Card.swift in Sources */ = {isa = PBXBuildFile; fileRef = 22D990B129671E070050913A /* Card.swift */; };
		369A797B2967456F00B4DEA9 /* UserInfoManager.swift in Sources */ = {isa = PBXBuildFile; fileRef = 369A797A2967456F00B4DEA9 /* UserInfoManager.swift */; };
		36BD6BD4296667ED00DC6387 /* FirebaseAuth in Frameworks */ = {isa = PBXBuildFile; productRef = 36BD6BD3296667ED00DC6387 /* FirebaseAuth */; };
		36BD6BD6296667ED00DC6387 /* FirebaseFirestore in Frameworks */ = {isa = PBXBuildFile; productRef = 36BD6BD5296667ED00DC6387 /* FirebaseFirestore */; };
		36BD6BD8296667ED00DC6387 /* FirebaseFirestoreSwift in Frameworks */ = {isa = PBXBuildFile; productRef = 36BD6BD7296667ED00DC6387 /* FirebaseFirestoreSwift */; };
		36BD6BDC296686CA00DC6387 /* Vocabulary.swift in Sources */ = {isa = PBXBuildFile; fileRef = 36BD6BDB296686CA00DC6387 /* Vocabulary.swift */; };
		36BD6BDE296686D700DC6387 /* User.swift in Sources */ = {isa = PBXBuildFile; fileRef = 36BD6BDD296686D700DC6387 /* User.swift */; };
		36BD6BE02966875500DC6387 /* VocabularyNetworkManager.swift in Sources */ = {isa = PBXBuildFile; fileRef = 36BD6BDF2966875500DC6387 /* VocabularyNetworkManager.swift */; };
		36BD6BE22966876300DC6387 /* AuthManager.swift in Sources */ = {isa = PBXBuildFile; fileRef = 36BD6BE12966876300DC6387 /* AuthManager.swift */; };
		36BD6BE6296699FC00DC6387 /* GoogleSignIn in Frameworks */ = {isa = PBXBuildFile; productRef = 36BD6BE5296699FC00DC6387 /* GoogleSignIn */; };
		36BD6BE8296699FC00DC6387 /* GoogleSignInSwift in Frameworks */ = {isa = PBXBuildFile; productRef = 36BD6BE7296699FC00DC6387 /* GoogleSignInSwift */; };
		36BD6BEB2966B9F600DC6387 /* BookmarkedVocaModel.xcdatamodeld in Sources */ = {isa = PBXBuildFile; fileRef = 36BD6BE92966B9F600DC6387 /* BookmarkedVocaModel.xcdatamodeld */; };
		36BD6BED2966BBC000DC6387 /* DataController.swift in Sources */ = {isa = PBXBuildFile; fileRef = 36BD6BEC2966BBC000DC6387 /* DataController.swift */; };
		4CE1621729673B4E00533369 /* PrivacyPolicyView.swift in Sources */ = {isa = PBXBuildFile; fileRef = 4CE1621629673B4E00533369 /* PrivacyPolicyView.swift */; };
		4CE1621929673B5D00533369 /* TermsAndConditionsView.swift in Sources */ = {isa = PBXBuildFile; fileRef = 4CE1621829673B5D00533369 /* TermsAndConditionsView.swift */; };
		6505FC302966633C0054591D /* AwesomeKoreanDictionaryApp.swift in Sources */ = {isa = PBXBuildFile; fileRef = 6505FC2F2966633C0054591D /* AwesomeKoreanDictionaryApp.swift */; };
		6505FC322966633C0054591D /* ContentView.swift in Sources */ = {isa = PBXBuildFile; fileRef = 6505FC312966633C0054591D /* ContentView.swift */; };
		6505FC342966633D0054591D /* Assets.xcassets in Resources */ = {isa = PBXBuildFile; fileRef = 6505FC332966633D0054591D /* Assets.xcassets */; };
		6505FC372966633D0054591D /* Preview Assets.xcassets in Resources */ = {isa = PBXBuildFile; fileRef = 6505FC362966633D0054591D /* Preview Assets.xcassets */; };
		65229B3C2967637700417654 /* WaitingApproveView.swift in Sources */ = {isa = PBXBuildFile; fileRef = 65229B3B2967637700417654 /* WaitingApproveView.swift */; };
		65229B3E2967638C00417654 /* ApprovedView.swift in Sources */ = {isa = PBXBuildFile; fileRef = 65229B3D2967638C00417654 /* ApprovedView.swift */; };
		65229B4029676BEB00417654 /* WaitingApproveCell.swift in Sources */ = {isa = PBXBuildFile; fileRef = 65229B3F29676BEB00417654 /* WaitingApproveCell.swift */; };
		65487B2D29671D4700D7AB0A /* MyPageView_MyRegisterCell.swift in Sources */ = {isa = PBXBuildFile; fileRef = 65487B2C29671D4700D7AB0A /* MyPageView_MyRegisterCell.swift */; };
		65487B3129671E5A00D7AB0A /* MyPageView_MyBookmarkView.swift in Sources */ = {isa = PBXBuildFile; fileRef = 65487B3029671E5A00D7AB0A /* MyPageView_MyBookmarkView.swift */; };
		65487B332967238F00D7AB0A /* MyPageView_MyRegisterView.swift in Sources */ = {isa = PBXBuildFile; fileRef = 65487B322967238E00D7AB0A /* MyPageView_MyRegisterView.swift */; };
		65487B352967382E00D7AB0A /* AdminMainView.swift in Sources */ = {isa = PBXBuildFile; fileRef = 65487B342967382E00D7AB0A /* AdminMainView.swift */; };
		65487B3829673BA500D7AB0A /* AdminView_SignInView.swift in Sources */ = {isa = PBXBuildFile; fileRef = 65487B3729673BA500D7AB0A /* AdminView_SignInView.swift */; };
		65FB3931296703BB008756AA /* MyPageView.swift in Sources */ = {isa = PBXBuildFile; fileRef = 65FB3930296703BB008756AA /* MyPageView.swift */; };
		6ED4CFBB2967587400F568DE /* ColorExtension.swift in Sources */ = {isa = PBXBuildFile; fileRef = 6ED4CFBA2967587400F568DE /* ColorExtension.swift */; };
		7649454D2966B1620017D830 /* MainView.swift in Sources */ = {isa = PBXBuildFile; fileRef = 7649454C2966B1610017D830 /* MainView.swift */; };
		7649454F2966B1670017D830 /* SearchBar.swift in Sources */ = {isa = PBXBuildFile; fileRef = 7649454E2966B1670017D830 /* SearchBar.swift */; };
		764945512966B16D0017D830 /* ListCell.swift in Sources */ = {isa = PBXBuildFile; fileRef = 764945502966B16D0017D830 /* ListCell.swift */; };
		765DF2DC2966FCF6004CF7D9 /* TestView.swift in Sources */ = {isa = PBXBuildFile; fileRef = 765DF2DB2966FCF6004CF7D9 /* TestView.swift */; };
		C5AB90272966B6FC005A6CFF /* MyPageView_SignOut.swift in Sources */ = {isa = PBXBuildFile; fileRef = C5AB90262966B6FC005A6CFF /* MyPageView_SignOut.swift */; };
		C5AB90292966B700005A6CFF /* MyPageView_SignIn.swift in Sources */ = {isa = PBXBuildFile; fileRef = C5AB90282966B700005A6CFF /* MyPageView_SignIn.swift */; };
		C5AB902B2966B705005A6CFF /* MyPageView_SelectingLanguageView.swift in Sources */ = {isa = PBXBuildFile; fileRef = C5AB902A2966B704005A6CFF /* MyPageView_SelectingLanguageView.swift */; };
		C5AB902D2966B70D005A6CFF /* MyPageView_EditUserInfoView.swift in Sources */ = {isa = PBXBuildFile; fileRef = C5AB902C2966B70D005A6CFF /* MyPageView_EditUserInfoView.swift */; };
		C5AB90322966B7DF005A6CFF /* SlangRegistrationView.swift in Sources */ = {isa = PBXBuildFile; fileRef = C5AB90312966B7DF005A6CFF /* SlangRegistrationView.swift */; };
		C5F90DA3296666CE00DE5024 /* LoginView.swift in Sources */ = {isa = PBXBuildFile; fileRef = C5F90DA2296666CE00DE5024 /* LoginView.swift */; };
		C5F90DA5296667CF00DE5024 /* SignUpView.swift in Sources */ = {isa = PBXBuildFile; fileRef = C5F90DA4296667CF00DE5024 /* SignUpView.swift */; };
		C5F90DB12966A40D00DE5024 /* GoogleService-Info.plist in Resources */ = {isa = PBXBuildFile; fileRef = C5F90DB02966A40C00DE5024 /* GoogleService-Info.plist */; };
/* End PBXBuildFile section */

/* Begin PBXFileReference section */
		22D990A32966EFCF0050913A /* PapagoNetworkManager.swift */ = {isa = PBXFileReference; lastKnownFileType = sourcecode.swift; path = PapagoNetworkManager.swift; sourceTree = "<group>"; };
		22D990A52966F20A0050913A /* APIInfo.plist */ = {isa = PBXFileReference; lastKnownFileType = text.plist.xml; path = APIInfo.plist; sourceTree = "<group>"; };
		22D990AA2966F2EA0050913A /* BundleExtension.swift */ = {isa = PBXFileReference; lastKnownFileType = sourcecode.swift; path = BundleExtension.swift; sourceTree = "<group>"; };
		22D990AC2966F6470050913A /* Message.swift */ = {isa = PBXFileReference; lastKnownFileType = sourcecode.swift; path = Message.swift; sourceTree = "<group>"; };
		22D990AE29671E070050913A /* QuizView.swift */ = {isa = PBXFileReference; fileEncoding = 4; lastKnownFileType = sourcecode.swift; path = QuizView.swift; sourceTree = "<group>"; };
		22D990AF29671E070050913A /* Detail.swift */ = {isa = PBXFileReference; fileEncoding = 4; lastKnownFileType = sourcecode.swift; path = Detail.swift; sourceTree = "<group>"; };
		22D990B029671E070050913A /* CardView.swift */ = {isa = PBXFileReference; fileEncoding = 4; lastKnownFileType = sourcecode.swift; path = CardView.swift; sourceTree = "<group>"; };
		22D990B129671E070050913A /* Card.swift */ = {isa = PBXFileReference; fileEncoding = 4; lastKnownFileType = sourcecode.swift; path = Card.swift; sourceTree = "<group>"; };
		369A797A2967456F00B4DEA9 /* UserInfoManager.swift */ = {isa = PBXFileReference; lastKnownFileType = sourcecode.swift; path = UserInfoManager.swift; sourceTree = "<group>"; };
		36BD6BDB296686CA00DC6387 /* Vocabulary.swift */ = {isa = PBXFileReference; lastKnownFileType = sourcecode.swift; path = Vocabulary.swift; sourceTree = "<group>"; };
		36BD6BDD296686D700DC6387 /* User.swift */ = {isa = PBXFileReference; lastKnownFileType = sourcecode.swift; path = User.swift; sourceTree = "<group>"; };
		36BD6BDF2966875500DC6387 /* VocabularyNetworkManager.swift */ = {isa = PBXFileReference; lastKnownFileType = sourcecode.swift; path = VocabularyNetworkManager.swift; sourceTree = "<group>"; };
		36BD6BE12966876300DC6387 /* AuthManager.swift */ = {isa = PBXFileReference; lastKnownFileType = sourcecode.swift; path = AuthManager.swift; sourceTree = "<group>"; };
		36BD6BE32966990400DC6387 /* Info.plist */ = {isa = PBXFileReference; lastKnownFileType = text.plist; path = Info.plist; sourceTree = "<group>"; };
		36BD6BEA2966B9F600DC6387 /* BookmarkedVocaModel.xcdatamodel */ = {isa = PBXFileReference; lastKnownFileType = wrapper.xcdatamodel; path = BookmarkedVocaModel.xcdatamodel; sourceTree = "<group>"; };
		36BD6BEC2966BBC000DC6387 /* DataController.swift */ = {isa = PBXFileReference; lastKnownFileType = sourcecode.swift; path = DataController.swift; sourceTree = "<group>"; };
		4CE1621629673B4E00533369 /* PrivacyPolicyView.swift */ = {isa = PBXFileReference; lastKnownFileType = sourcecode.swift; path = PrivacyPolicyView.swift; sourceTree = "<group>"; };
		4CE1621829673B5D00533369 /* TermsAndConditionsView.swift */ = {isa = PBXFileReference; lastKnownFileType = sourcecode.swift; path = TermsAndConditionsView.swift; sourceTree = "<group>"; };
		6505FC2C2966633C0054591D /* AwesomeKoreanDictionary.app */ = {isa = PBXFileReference; explicitFileType = wrapper.application; includeInIndex = 0; path = AwesomeKoreanDictionary.app; sourceTree = BUILT_PRODUCTS_DIR; };
		6505FC2F2966633C0054591D /* AwesomeKoreanDictionaryApp.swift */ = {isa = PBXFileReference; lastKnownFileType = sourcecode.swift; path = AwesomeKoreanDictionaryApp.swift; sourceTree = "<group>"; };
		6505FC312966633C0054591D /* ContentView.swift */ = {isa = PBXFileReference; lastKnownFileType = sourcecode.swift; path = ContentView.swift; sourceTree = "<group>"; };
		6505FC332966633D0054591D /* Assets.xcassets */ = {isa = PBXFileReference; lastKnownFileType = folder.assetcatalog; path = Assets.xcassets; sourceTree = "<group>"; };
		6505FC362966633D0054591D /* Preview Assets.xcassets */ = {isa = PBXFileReference; lastKnownFileType = folder.assetcatalog; path = "Preview Assets.xcassets"; sourceTree = "<group>"; };
		65229B3B2967637700417654 /* WaitingApproveView.swift */ = {isa = PBXFileReference; lastKnownFileType = sourcecode.swift; path = WaitingApproveView.swift; sourceTree = "<group>"; };
		65229B3D2967638C00417654 /* ApprovedView.swift */ = {isa = PBXFileReference; lastKnownFileType = sourcecode.swift; path = ApprovedView.swift; sourceTree = "<group>"; };
		65229B3F29676BEB00417654 /* WaitingApproveCell.swift */ = {isa = PBXFileReference; lastKnownFileType = sourcecode.swift; path = WaitingApproveCell.swift; sourceTree = "<group>"; };
		65487B2C29671D4700D7AB0A /* MyPageView_MyRegisterCell.swift */ = {isa = PBXFileReference; lastKnownFileType = sourcecode.swift; path = MyPageView_MyRegisterCell.swift; sourceTree = "<group>"; };
		65487B3029671E5A00D7AB0A /* MyPageView_MyBookmarkView.swift */ = {isa = PBXFileReference; lastKnownFileType = sourcecode.swift; path = MyPageView_MyBookmarkView.swift; sourceTree = "<group>"; };
		65487B322967238E00D7AB0A /* MyPageView_MyRegisterView.swift */ = {isa = PBXFileReference; lastKnownFileType = sourcecode.swift; path = MyPageView_MyRegisterView.swift; sourceTree = "<group>"; };
		65487B342967382E00D7AB0A /* AdminMainView.swift */ = {isa = PBXFileReference; lastKnownFileType = sourcecode.swift; path = AdminMainView.swift; sourceTree = "<group>"; };
		65487B3729673BA500D7AB0A /* AdminView_SignInView.swift */ = {isa = PBXFileReference; lastKnownFileType = sourcecode.swift; path = AdminView_SignInView.swift; sourceTree = "<group>"; };
		65FB3930296703BB008756AA /* MyPageView.swift */ = {isa = PBXFileReference; lastKnownFileType = sourcecode.swift; path = MyPageView.swift; sourceTree = "<group>"; };
		6ED4CFBA2967587400F568DE /* ColorExtension.swift */ = {isa = PBXFileReference; lastKnownFileType = sourcecode.swift; path = ColorExtension.swift; sourceTree = "<group>"; };
		7649454C2966B1610017D830 /* MainView.swift */ = {isa = PBXFileReference; fileEncoding = 4; lastKnownFileType = sourcecode.swift; path = MainView.swift; sourceTree = "<group>"; };
		7649454E2966B1670017D830 /* SearchBar.swift */ = {isa = PBXFileReference; fileEncoding = 4; lastKnownFileType = sourcecode.swift; path = SearchBar.swift; sourceTree = "<group>"; };
		764945502966B16D0017D830 /* ListCell.swift */ = {isa = PBXFileReference; fileEncoding = 4; lastKnownFileType = sourcecode.swift; path = ListCell.swift; sourceTree = "<group>"; };
		765DF2DB2966FCF6004CF7D9 /* TestView.swift */ = {isa = PBXFileReference; lastKnownFileType = sourcecode.swift; path = TestView.swift; sourceTree = "<group>"; };
		C5AB90262966B6FC005A6CFF /* MyPageView_SignOut.swift */ = {isa = PBXFileReference; fileEncoding = 4; lastKnownFileType = sourcecode.swift; path = MyPageView_SignOut.swift; sourceTree = "<group>"; };
		C5AB90282966B700005A6CFF /* MyPageView_SignIn.swift */ = {isa = PBXFileReference; fileEncoding = 4; lastKnownFileType = sourcecode.swift; path = MyPageView_SignIn.swift; sourceTree = "<group>"; };
		C5AB902A2966B704005A6CFF /* MyPageView_SelectingLanguageView.swift */ = {isa = PBXFileReference; fileEncoding = 4; lastKnownFileType = sourcecode.swift; path = MyPageView_SelectingLanguageView.swift; sourceTree = "<group>"; };
		C5AB902C2966B70D005A6CFF /* MyPageView_EditUserInfoView.swift */ = {isa = PBXFileReference; fileEncoding = 4; lastKnownFileType = sourcecode.swift; path = MyPageView_EditUserInfoView.swift; sourceTree = "<group>"; };
		C5AB90312966B7DF005A6CFF /* SlangRegistrationView.swift */ = {isa = PBXFileReference; fileEncoding = 4; lastKnownFileType = sourcecode.swift; path = SlangRegistrationView.swift; sourceTree = "<group>"; };
		C5F90DA2296666CE00DE5024 /* LoginView.swift */ = {isa = PBXFileReference; lastKnownFileType = sourcecode.swift; name = LoginView.swift; path = AwesomeKoreanDictionary/View/LoginView.swift; sourceTree = SOURCE_ROOT; };
		C5F90DA4296667CF00DE5024 /* SignUpView.swift */ = {isa = PBXFileReference; lastKnownFileType = sourcecode.swift; path = SignUpView.swift; sourceTree = "<group>"; };
		C5F90DB02966A40C00DE5024 /* GoogleService-Info.plist */ = {isa = PBXFileReference; fileEncoding = 4; lastKnownFileType = text.plist.xml; path = "GoogleService-Info.plist"; sourceTree = "<group>"; };
/* End PBXFileReference section */

/* Begin PBXFrameworksBuildPhase section */
		6505FC292966633C0054591D /* Frameworks */ = {
			isa = PBXFrameworksBuildPhase;
			buildActionMask = 2147483647;
			files = (
				36BD6BE8296699FC00DC6387 /* GoogleSignInSwift in Frameworks */,
				36BD6BD4296667ED00DC6387 /* FirebaseAuth in Frameworks */,
				36BD6BE6296699FC00DC6387 /* GoogleSignIn in Frameworks */,
				36BD6BD6296667ED00DC6387 /* FirebaseFirestore in Frameworks */,
				36BD6BD8296667ED00DC6387 /* FirebaseFirestoreSwift in Frameworks */,
			);
			runOnlyForDeploymentPostprocessing = 0;
		};
/* End PBXFrameworksBuildPhase section */

/* Begin PBXGroup section */
		22D990A72966F2CA0050913A /* Extension */ = {
			isa = PBXGroup;
			children = (
				22D990AA2966F2EA0050913A /* BundleExtension.swift */,
			);
			path = Extension;
			sourceTree = "<group>";
		};
		6505FC232966633C0054591D = {
			isa = PBXGroup;
			children = (
				6505FC2E2966633C0054591D /* AwesomeKoreanDictionary */,
				6505FC2D2966633C0054591D /* Products */,
			);
			sourceTree = "<group>";
		};
		6505FC2D2966633C0054591D /* Products */ = {
			isa = PBXGroup;
			children = (
				6505FC2C2966633C0054591D /* AwesomeKoreanDictionary.app */,
			);
			name = Products;
			sourceTree = "<group>";
		};
		6505FC2E2966633C0054591D /* AwesomeKoreanDictionary */ = {
			isa = PBXGroup;
			children = (
				22D990A72966F2CA0050913A /* Extension */,
				22D990A52966F20A0050913A /* APIInfo.plist */,
				36BD6BE32966990400DC6387 /* Info.plist */,
				C5F90DB02966A40C00DE5024 /* GoogleService-Info.plist */,
				6505FC2F2966633C0054591D /* AwesomeKoreanDictionaryApp.swift */,
				6505FC312966633C0054591D /* ContentView.swift */,
				6505FC3D2966643B0054591D /* Model */,
				6505FC3E296664440054591D /* Store */,
				6505FC3F2966644D0054591D /* View */,
				6505FC332966633D0054591D /* Assets.xcassets */,
				6505FC352966633D0054591D /* Preview Content */,
			);
			path = AwesomeKoreanDictionary;
			sourceTree = "<group>";
		};
		6505FC352966633D0054591D /* Preview Content */ = {
			isa = PBXGroup;
			children = (
				6505FC362966633D0054591D /* Preview Assets.xcassets */,
			);
			path = "Preview Content";
			sourceTree = "<group>";
		};
		6505FC3D2966643B0054591D /* Model */ = {
			isa = PBXGroup;
			children = (
				36BD6BDB296686CA00DC6387 /* Vocabulary.swift */,
				36BD6BDD296686D700DC6387 /* User.swift */,
				36BD6BE92966B9F600DC6387 /* BookmarkedVocaModel.xcdatamodeld */,
				36BD6BEC2966BBC000DC6387 /* DataController.swift */,
				22D990AC2966F6470050913A /* Message.swift */,
			);
			path = Model;
			sourceTree = "<group>";
		};
		6505FC3E296664440054591D /* Store */ = {
			isa = PBXGroup;
			children = (
				36BD6BDF2966875500DC6387 /* VocabularyNetworkManager.swift */,
				36BD6BE12966876300DC6387 /* AuthManager.swift */,
				369A797A2967456F00B4DEA9 /* UserInfoManager.swift */,
				22D990A32966EFCF0050913A /* PapagoNetworkManager.swift */,
			);
			path = Store;
			sourceTree = "<group>";
		};
		6505FC3F2966644D0054591D /* View */ = {
			isa = PBXGroup;
			children = (
				C5AB90332966B874005A6CFF /* QuizCardView */,
				C5AB902E2966B7CA005A6CFF /* RegistraionView */,
				65487B362967384600D7AB0A /* AdminView */,
				C5AB90252966B6E6005A6CFF /* MyPageView */,
				7649454B2966B14A0017D830 /* FolderMainView */,
				C5F90DA2296666CE00DE5024 /* LoginView.swift */,
				C5F90DA4296667CF00DE5024 /* SignUpView.swift */,
				6ED4CFBA2967587400F568DE /* ColorExtension.swift */,
			);
			path = View;
			sourceTree = "<group>";
		};
		65487B362967384600D7AB0A /* AdminView */ = {
			isa = PBXGroup;
			children = (
				65487B342967382E00D7AB0A /* AdminMainView.swift */,
				65229B3B2967637700417654 /* WaitingApproveView.swift */,
				65229B3F29676BEB00417654 /* WaitingApproveCell.swift */,
				65229B3D2967638C00417654 /* ApprovedView.swift */,
				65487B3729673BA500D7AB0A /* AdminView_SignInView.swift */,
			);
			path = AdminView;
			sourceTree = "<group>";
		};
		7649454B2966B14A0017D830 /* FolderMainView */ = {
			isa = PBXGroup;
			children = (
				7649454C2966B1610017D830 /* MainView.swift */,
				7649454E2966B1670017D830 /* SearchBar.swift */,
				764945502966B16D0017D830 /* ListCell.swift */,
				765DF2DB2966FCF6004CF7D9 /* TestView.swift */,
			);
			path = FolderMainView;
			sourceTree = "<group>";
		};
		C5AB90252966B6E6005A6CFF /* MyPageView */ = {
			isa = PBXGroup;
			children = (
				C5AB902C2966B70D005A6CFF /* MyPageView_EditUserInfoView.swift */,
				C5AB902A2966B704005A6CFF /* MyPageView_SelectingLanguageView.swift */,
				C5AB90282966B700005A6CFF /* MyPageView_SignIn.swift */,
				C5AB90262966B6FC005A6CFF /* MyPageView_SignOut.swift */,
				65FB3930296703BB008756AA /* MyPageView.swift */,
				65487B2C29671D4700D7AB0A /* MyPageView_MyRegisterCell.swift */,
				65487B322967238E00D7AB0A /* MyPageView_MyRegisterView.swift */,
				65487B3029671E5A00D7AB0A /* MyPageView_MyBookmarkView.swift */,
				4CE1621629673B4E00533369 /* PrivacyPolicyView.swift */,
				4CE1621829673B5D00533369 /* TermsAndConditionsView.swift */,
			);
			path = MyPageView;
			sourceTree = "<group>";
		};
		C5AB902E2966B7CA005A6CFF /* RegistraionView */ = {
			isa = PBXGroup;
			children = (
				C5AB90312966B7DF005A6CFF /* SlangRegistrationView.swift */,
			);
			path = RegistraionView;
			sourceTree = "<group>";
		};
		C5AB90332966B874005A6CFF /* QuizCardView */ = {
			isa = PBXGroup;
			children = (
				22D990B029671E070050913A /* CardView.swift */,
				22D990AF29671E070050913A /* Detail.swift */,
				22D990AE29671E070050913A /* QuizView.swift */,
				22D990B129671E070050913A /* Card.swift */,
			);
			path = QuizCardView;
			sourceTree = "<group>";
		};
/* End PBXGroup section */

/* Begin PBXNativeTarget section */
		6505FC2B2966633C0054591D /* AwesomeKoreanDictionary */ = {
			isa = PBXNativeTarget;
			buildConfigurationList = 6505FC3A2966633D0054591D /* Build configuration list for PBXNativeTarget "AwesomeKoreanDictionary" */;
			buildPhases = (
				6505FC282966633C0054591D /* Sources */,
				6505FC292966633C0054591D /* Frameworks */,
				6505FC2A2966633C0054591D /* Resources */,
			);
			buildRules = (
			);
			dependencies = (
			);
			name = AwesomeKoreanDictionary;
			packageProductDependencies = (
				36BD6BD3296667ED00DC6387 /* FirebaseAuth */,
				36BD6BD5296667ED00DC6387 /* FirebaseFirestore */,
				36BD6BD7296667ED00DC6387 /* FirebaseFirestoreSwift */,
				36BD6BE5296699FC00DC6387 /* GoogleSignIn */,
				36BD6BE7296699FC00DC6387 /* GoogleSignInSwift */,
			);
			productName = AwesomeKoreanDictionary;
			productReference = 6505FC2C2966633C0054591D /* AwesomeKoreanDictionary.app */;
			productType = "com.apple.product-type.application";
		};
/* End PBXNativeTarget section */

/* Begin PBXProject section */
		6505FC242966633C0054591D /* Project object */ = {
			isa = PBXProject;
			attributes = {
				BuildIndependentTargetsInParallel = 1;
				LastSwiftUpdateCheck = 1420;
				LastUpgradeCheck = 1420;
				TargetAttributes = {
					6505FC2B2966633C0054591D = {
						CreatedOnToolsVersion = 14.2;
					};
				};
			};
			buildConfigurationList = 6505FC272966633C0054591D /* Build configuration list for PBXProject "AwesomeKoreanDictionary" */;
			compatibilityVersion = "Xcode 14.0";
			developmentRegion = en;
			hasScannedForEncodings = 0;
			knownRegions = (
				en,
				Base,
			);
			mainGroup = 6505FC232966633C0054591D;
			packageReferences = (
				36BD6BD2296667ED00DC6387 /* XCRemoteSwiftPackageReference "firebase-ios-sdk" */,
				36BD6BE4296699FB00DC6387 /* XCRemoteSwiftPackageReference "GoogleSignIn-iOS" */,
			);
			productRefGroup = 6505FC2D2966633C0054591D /* Products */;
			projectDirPath = "";
			projectRoot = "";
			targets = (
				6505FC2B2966633C0054591D /* AwesomeKoreanDictionary */,
			);
		};
/* End PBXProject section */

/* Begin PBXResourcesBuildPhase section */
		6505FC2A2966633C0054591D /* Resources */ = {
			isa = PBXResourcesBuildPhase;
			buildActionMask = 2147483647;
			files = (
				6505FC372966633D0054591D /* Preview Assets.xcassets in Resources */,
				22D990A62966F20A0050913A /* APIInfo.plist in Resources */,
				6505FC342966633D0054591D /* Assets.xcassets in Resources */,
				C5F90DB12966A40D00DE5024 /* GoogleService-Info.plist in Resources */,
			);
			runOnlyForDeploymentPostprocessing = 0;
		};
/* End PBXResourcesBuildPhase section */

/* Begin PBXSourcesBuildPhase section */
		6505FC282966633C0054591D /* Sources */ = {
			isa = PBXSourcesBuildPhase;
			buildActionMask = 2147483647;
			files = (
				65FB3931296703BB008756AA /* MyPageView.swift in Sources */,
				4CE1621929673B5D00533369 /* TermsAndConditionsView.swift in Sources */,
				65229B3E2967638C00417654 /* ApprovedView.swift in Sources */,
				C5F90DA5296667CF00DE5024 /* SignUpView.swift in Sources */,
				65487B2D29671D4700D7AB0A /* MyPageView_MyRegisterCell.swift in Sources */,
				65229B4029676BEB00417654 /* WaitingApproveCell.swift in Sources */,
				4CE1621729673B4E00533369 /* PrivacyPolicyView.swift in Sources */,
				6505FC322966633C0054591D /* ContentView.swift in Sources */,
				65229B3C2967637700417654 /* WaitingApproveView.swift in Sources */,
				22D990B329671E070050913A /* Detail.swift in Sources */,
				22D990AB2966F2EA0050913A /* BundleExtension.swift in Sources */,
				22D990A42966EFCF0050913A /* PapagoNetworkManager.swift in Sources */,
				6505FC302966633C0054591D /* AwesomeKoreanDictionaryApp.swift in Sources */,
				C5F90DA3296666CE00DE5024 /* LoginView.swift in Sources */,
				36BD6BDE296686D700DC6387 /* User.swift in Sources */,
				22D990B529671E070050913A /* Card.swift in Sources */,
				C5AB90322966B7DF005A6CFF /* SlangRegistrationView.swift in Sources */,
				765DF2DC2966FCF6004CF7D9 /* TestView.swift in Sources */,
				C5AB90322966B7DF005A6CFF /* SlangRegistrationView.swift in Sources */,
				65487B3829673BA500D7AB0A /* AdminView_SignInView.swift in Sources */,
				36BD6BED2966BBC000DC6387 /* DataController.swift in Sources */,
				C5AB90292966B700005A6CFF /* MyPageView_SignIn.swift in Sources */,
				6ED4CFBB2967587400F568DE /* ColorExtension.swift in Sources */,
				764945512966B16D0017D830 /* ListCell.swift in Sources */,
				7649454F2966B1670017D830 /* SearchBar.swift in Sources */,
				C5AB90272966B6FC005A6CFF /* MyPageView_SignOut.swift in Sources */,
				22D990B429671E070050913A /* CardView.swift in Sources */,
				22D990B229671E070050913A /* QuizView.swift in Sources */,
				36BD6BE22966876300DC6387 /* AuthManager.swift in Sources */,
				22D990AD2966F6470050913A /* Message.swift in Sources */,
				C5AB902D2966B70D005A6CFF /* MyPageView_EditUserInfoView.swift in Sources */,
				36BD6BE02966875500DC6387 /* VocabularyNetworkManager.swift in Sources */,
				36BD6BEB2966B9F600DC6387 /* BookmarkedVocaModel.xcdatamodeld in Sources */,
				C5AB902B2966B705005A6CFF /* MyPageView_SelectingLanguageView.swift in Sources */,
				65487B3129671E5A00D7AB0A /* MyPageView_MyBookmarkView.swift in Sources */,
				65487B332967238F00D7AB0A /* MyPageView_MyRegisterView.swift in Sources */,
				65487B352967382E00D7AB0A /* AdminMainView.swift in Sources */,
				7649454D2966B1620017D830 /* MainView.swift in Sources */,
				6505FC322966633C0054591D /* ContentView.swift in Sources */,
				6505FC302966633C0054591D /* AwesomeKoreanDictionaryApp.swift in Sources */,
				36BD6BDC296686CA00DC6387 /* Vocabulary.swift in Sources */,
				369A797B2967456F00B4DEA9 /* UserInfoManager.swift in Sources */,
			);
			runOnlyForDeploymentPostprocessing = 0;
		};
/* End PBXSourcesBuildPhase section */

/* Begin XCBuildConfiguration section */
		6505FC382966633D0054591D /* Debug */ = {
			isa = XCBuildConfiguration;
			buildSettings = {
				ALWAYS_SEARCH_USER_PATHS = NO;
				CLANG_ANALYZER_NONNULL = YES;
				CLANG_ANALYZER_NUMBER_OBJECT_CONVERSION = YES_AGGRESSIVE;
				CLANG_CXX_LANGUAGE_STANDARD = "gnu++20";
				CLANG_ENABLE_MODULES = YES;
				CLANG_ENABLE_OBJC_ARC = YES;
				CLANG_ENABLE_OBJC_WEAK = YES;
				CLANG_WARN_BLOCK_CAPTURE_AUTORELEASING = YES;
				CLANG_WARN_BOOL_CONVERSION = YES;
				CLANG_WARN_COMMA = YES;
				CLANG_WARN_CONSTANT_CONVERSION = YES;
				CLANG_WARN_DEPRECATED_OBJC_IMPLEMENTATIONS = YES;
				CLANG_WARN_DIRECT_OBJC_ISA_USAGE = YES_ERROR;
				CLANG_WARN_DOCUMENTATION_COMMENTS = YES;
				CLANG_WARN_EMPTY_BODY = YES;
				CLANG_WARN_ENUM_CONVERSION = YES;
				CLANG_WARN_INFINITE_RECURSION = YES;
				CLANG_WARN_INT_CONVERSION = YES;
				CLANG_WARN_NON_LITERAL_NULL_CONVERSION = YES;
				CLANG_WARN_OBJC_IMPLICIT_RETAIN_SELF = YES;
				CLANG_WARN_OBJC_LITERAL_CONVERSION = YES;
				CLANG_WARN_OBJC_ROOT_CLASS = YES_ERROR;
				CLANG_WARN_QUOTED_INCLUDE_IN_FRAMEWORK_HEADER = YES;
				CLANG_WARN_RANGE_LOOP_ANALYSIS = YES;
				CLANG_WARN_STRICT_PROTOTYPES = YES;
				CLANG_WARN_SUSPICIOUS_MOVE = YES;
				CLANG_WARN_UNGUARDED_AVAILABILITY = YES_AGGRESSIVE;
				CLANG_WARN_UNREACHABLE_CODE = YES;
				CLANG_WARN__DUPLICATE_METHOD_MATCH = YES;
				COPY_PHASE_STRIP = NO;
				DEBUG_INFORMATION_FORMAT = dwarf;
				ENABLE_STRICT_OBJC_MSGSEND = YES;
				ENABLE_TESTABILITY = YES;
				GCC_C_LANGUAGE_STANDARD = gnu11;
				GCC_DYNAMIC_NO_PIC = NO;
				GCC_NO_COMMON_BLOCKS = YES;
				GCC_OPTIMIZATION_LEVEL = 0;
				GCC_PREPROCESSOR_DEFINITIONS = (
					"DEBUG=1",
					"$(inherited)",
				);
				GCC_WARN_64_TO_32_BIT_CONVERSION = YES;
				GCC_WARN_ABOUT_RETURN_TYPE = YES_ERROR;
				GCC_WARN_UNDECLARED_SELECTOR = YES;
				GCC_WARN_UNINITIALIZED_AUTOS = YES_AGGRESSIVE;
				GCC_WARN_UNUSED_FUNCTION = YES;
				GCC_WARN_UNUSED_VARIABLE = YES;
				IPHONEOS_DEPLOYMENT_TARGET = 16.2;
				MTL_ENABLE_DEBUG_INFO = INCLUDE_SOURCE;
				MTL_FAST_MATH = YES;
				ONLY_ACTIVE_ARCH = YES;
				SDKROOT = iphoneos;
				SWIFT_ACTIVE_COMPILATION_CONDITIONS = DEBUG;
				SWIFT_OPTIMIZATION_LEVEL = "-Onone";
			};
			name = Debug;
		};
		6505FC392966633D0054591D /* Release */ = {
			isa = XCBuildConfiguration;
			buildSettings = {
				ALWAYS_SEARCH_USER_PATHS = NO;
				CLANG_ANALYZER_NONNULL = YES;
				CLANG_ANALYZER_NUMBER_OBJECT_CONVERSION = YES_AGGRESSIVE;
				CLANG_CXX_LANGUAGE_STANDARD = "gnu++20";
				CLANG_ENABLE_MODULES = YES;
				CLANG_ENABLE_OBJC_ARC = YES;
				CLANG_ENABLE_OBJC_WEAK = YES;
				CLANG_WARN_BLOCK_CAPTURE_AUTORELEASING = YES;
				CLANG_WARN_BOOL_CONVERSION = YES;
				CLANG_WARN_COMMA = YES;
				CLANG_WARN_CONSTANT_CONVERSION = YES;
				CLANG_WARN_DEPRECATED_OBJC_IMPLEMENTATIONS = YES;
				CLANG_WARN_DIRECT_OBJC_ISA_USAGE = YES_ERROR;
				CLANG_WARN_DOCUMENTATION_COMMENTS = YES;
				CLANG_WARN_EMPTY_BODY = YES;
				CLANG_WARN_ENUM_CONVERSION = YES;
				CLANG_WARN_INFINITE_RECURSION = YES;
				CLANG_WARN_INT_CONVERSION = YES;
				CLANG_WARN_NON_LITERAL_NULL_CONVERSION = YES;
				CLANG_WARN_OBJC_IMPLICIT_RETAIN_SELF = YES;
				CLANG_WARN_OBJC_LITERAL_CONVERSION = YES;
				CLANG_WARN_OBJC_ROOT_CLASS = YES_ERROR;
				CLANG_WARN_QUOTED_INCLUDE_IN_FRAMEWORK_HEADER = YES;
				CLANG_WARN_RANGE_LOOP_ANALYSIS = YES;
				CLANG_WARN_STRICT_PROTOTYPES = YES;
				CLANG_WARN_SUSPICIOUS_MOVE = YES;
				CLANG_WARN_UNGUARDED_AVAILABILITY = YES_AGGRESSIVE;
				CLANG_WARN_UNREACHABLE_CODE = YES;
				CLANG_WARN__DUPLICATE_METHOD_MATCH = YES;
				COPY_PHASE_STRIP = NO;
				DEBUG_INFORMATION_FORMAT = "dwarf-with-dsym";
				ENABLE_NS_ASSERTIONS = NO;
				ENABLE_STRICT_OBJC_MSGSEND = YES;
				GCC_C_LANGUAGE_STANDARD = gnu11;
				GCC_NO_COMMON_BLOCKS = YES;
				GCC_WARN_64_TO_32_BIT_CONVERSION = YES;
				GCC_WARN_ABOUT_RETURN_TYPE = YES_ERROR;
				GCC_WARN_UNDECLARED_SELECTOR = YES;
				GCC_WARN_UNINITIALIZED_AUTOS = YES_AGGRESSIVE;
				GCC_WARN_UNUSED_FUNCTION = YES;
				GCC_WARN_UNUSED_VARIABLE = YES;
				IPHONEOS_DEPLOYMENT_TARGET = 16.2;
				MTL_ENABLE_DEBUG_INFO = NO;
				MTL_FAST_MATH = YES;
				SDKROOT = iphoneos;
				SWIFT_COMPILATION_MODE = wholemodule;
				SWIFT_OPTIMIZATION_LEVEL = "-O";
				VALIDATE_PRODUCT = YES;
			};
			name = Release;
		};
		6505FC3B2966633D0054591D /* Debug */ = {
			isa = XCBuildConfiguration;
			buildSettings = {
				ASSETCATALOG_COMPILER_APPICON_NAME = AppIcon;
				ASSETCATALOG_COMPILER_GLOBAL_ACCENT_COLOR_NAME = AccentColor;
				CODE_SIGN_STYLE = Automatic;
				CURRENT_PROJECT_VERSION = 1;
				DEVELOPMENT_ASSET_PATHS = "\"AwesomeKoreanDictionary/Preview Content\"";
				DEVELOPMENT_TEAM = "";
				ENABLE_PREVIEWS = YES;
				GENERATE_INFOPLIST_FILE = YES;
				INFOPLIST_FILE = AwesomeKoreanDictionary/Info.plist;
				INFOPLIST_KEY_UIApplicationSceneManifest_Generation = YES;
				INFOPLIST_KEY_UIApplicationSupportsIndirectInputEvents = YES;
				INFOPLIST_KEY_UILaunchScreen_Generation = YES;
				INFOPLIST_KEY_UISupportedInterfaceOrientations_iPad = "UIInterfaceOrientationPortrait UIInterfaceOrientationPortraitUpsideDown UIInterfaceOrientationLandscapeLeft UIInterfaceOrientationLandscapeRight";
				INFOPLIST_KEY_UISupportedInterfaceOrientations_iPhone = "UIInterfaceOrientationPortrait UIInterfaceOrientationLandscapeLeft UIInterfaceOrientationLandscapeRight";
				LD_RUNPATH_SEARCH_PATHS = (
					"$(inherited)",
					"@executable_path/Frameworks",
				);
				MARKETING_VERSION = 1.0;
				PRODUCT_BUNDLE_IDENTIFIER = com.codelion.AwesomeKoreanDictionary;
				PRODUCT_NAME = "$(TARGET_NAME)";
				SWIFT_EMIT_LOC_STRINGS = YES;
				SWIFT_VERSION = 5.0;
				TARGETED_DEVICE_FAMILY = "1,2";
			};
			name = Debug;
		};
		6505FC3C2966633D0054591D /* Release */ = {
			isa = XCBuildConfiguration;
			buildSettings = {
				ASSETCATALOG_COMPILER_APPICON_NAME = AppIcon;
				ASSETCATALOG_COMPILER_GLOBAL_ACCENT_COLOR_NAME = AccentColor;
				CODE_SIGN_STYLE = Automatic;
				CURRENT_PROJECT_VERSION = 1;
				DEVELOPMENT_ASSET_PATHS = "\"AwesomeKoreanDictionary/Preview Content\"";
				DEVELOPMENT_TEAM = "";
				ENABLE_PREVIEWS = YES;
				GENERATE_INFOPLIST_FILE = YES;
				INFOPLIST_FILE = AwesomeKoreanDictionary/Info.plist;
				INFOPLIST_KEY_UIApplicationSceneManifest_Generation = YES;
				INFOPLIST_KEY_UIApplicationSupportsIndirectInputEvents = YES;
				INFOPLIST_KEY_UILaunchScreen_Generation = YES;
				INFOPLIST_KEY_UISupportedInterfaceOrientations_iPad = "UIInterfaceOrientationPortrait UIInterfaceOrientationPortraitUpsideDown UIInterfaceOrientationLandscapeLeft UIInterfaceOrientationLandscapeRight";
				INFOPLIST_KEY_UISupportedInterfaceOrientations_iPhone = "UIInterfaceOrientationPortrait UIInterfaceOrientationLandscapeLeft UIInterfaceOrientationLandscapeRight";
				LD_RUNPATH_SEARCH_PATHS = (
					"$(inherited)",
					"@executable_path/Frameworks",
				);
				MARKETING_VERSION = 1.0;
				PRODUCT_BUNDLE_IDENTIFIER = com.codelion.AwesomeKoreanDictionary;
				PRODUCT_NAME = "$(TARGET_NAME)";
				SWIFT_EMIT_LOC_STRINGS = YES;
				SWIFT_VERSION = 5.0;
				TARGETED_DEVICE_FAMILY = "1,2";
			};
			name = Release;
		};
/* End XCBuildConfiguration section */

/* Begin XCConfigurationList section */
		6505FC272966633C0054591D /* Build configuration list for PBXProject "AwesomeKoreanDictionary" */ = {
			isa = XCConfigurationList;
			buildConfigurations = (
				6505FC382966633D0054591D /* Debug */,
				6505FC392966633D0054591D /* Release */,
			);
			defaultConfigurationIsVisible = 0;
			defaultConfigurationName = Release;
		};
		6505FC3A2966633D0054591D /* Build configuration list for PBXNativeTarget "AwesomeKoreanDictionary" */ = {
			isa = XCConfigurationList;
			buildConfigurations = (
				6505FC3B2966633D0054591D /* Debug */,
				6505FC3C2966633D0054591D /* Release */,
			);
			defaultConfigurationIsVisible = 0;
			defaultConfigurationName = Release;
		};
/* End XCConfigurationList section */

/* Begin XCRemoteSwiftPackageReference section */
		36BD6BD2296667ED00DC6387 /* XCRemoteSwiftPackageReference "firebase-ios-sdk" */ = {
			isa = XCRemoteSwiftPackageReference;
			repositoryURL = "https://github.com/firebase/firebase-ios-sdk";
			requirement = {
				branch = master;
				kind = branch;
			};
		};
		36BD6BE4296699FB00DC6387 /* XCRemoteSwiftPackageReference "GoogleSignIn-iOS" */ = {
			isa = XCRemoteSwiftPackageReference;
			repositoryURL = "https://github.com/google/GoogleSignIn-iOS";
			requirement = {
				kind = upToNextMajorVersion;
				minimumVersion = 7.0.0;
			};
		};
/* End XCRemoteSwiftPackageReference section */

/* Begin XCSwiftPackageProductDependency section */
		36BD6BD3296667ED00DC6387 /* FirebaseAuth */ = {
			isa = XCSwiftPackageProductDependency;
			package = 36BD6BD2296667ED00DC6387 /* XCRemoteSwiftPackageReference "firebase-ios-sdk" */;
			productName = FirebaseAuth;
		};
		36BD6BD5296667ED00DC6387 /* FirebaseFirestore */ = {
			isa = XCSwiftPackageProductDependency;
			package = 36BD6BD2296667ED00DC6387 /* XCRemoteSwiftPackageReference "firebase-ios-sdk" */;
			productName = FirebaseFirestore;
		};
		36BD6BD7296667ED00DC6387 /* FirebaseFirestoreSwift */ = {
			isa = XCSwiftPackageProductDependency;
			package = 36BD6BD2296667ED00DC6387 /* XCRemoteSwiftPackageReference "firebase-ios-sdk" */;
			productName = FirebaseFirestoreSwift;
		};
		36BD6BE5296699FC00DC6387 /* GoogleSignIn */ = {
			isa = XCSwiftPackageProductDependency;
			package = 36BD6BE4296699FB00DC6387 /* XCRemoteSwiftPackageReference "GoogleSignIn-iOS" */;
			productName = GoogleSignIn;
		};
		36BD6BE7296699FC00DC6387 /* GoogleSignInSwift */ = {
			isa = XCSwiftPackageProductDependency;
			package = 36BD6BE4296699FB00DC6387 /* XCRemoteSwiftPackageReference "GoogleSignIn-iOS" */;
			productName = GoogleSignInSwift;
		};
/* End XCSwiftPackageProductDependency section */

/* Begin XCVersionGroup section */
		36BD6BE92966B9F600DC6387 /* BookmarkedVocaModel.xcdatamodeld */ = {
			isa = XCVersionGroup;
			children = (
				36BD6BEA2966B9F600DC6387 /* BookmarkedVocaModel.xcdatamodel */,
			);
			currentVersion = 36BD6BEA2966B9F600DC6387 /* BookmarkedVocaModel.xcdatamodel */;
			path = BookmarkedVocaModel.xcdatamodeld;
			sourceTree = "<group>";
			versionGroupType = wrapper.xcdatamodel;
		};
/* End XCVersionGroup section */
	};
	rootObject = 6505FC242966633C0054591D /* Project object */;
}
